
Microsoft Visual Studio Solution File, Format Version 12.00
# Visual Studio Version 16
VisualStudioVersion = 16.0.31624.102
MinimumVisualStudioVersion = 10.0.40219.1
Project("{9A19103F-16F7-4668-BE54-9A1E7A4F7556}") = "HospitalDotNetFinal", "HospitalDotNetFinal\HospitalDotNetFinal.csproj", "{1E889197-F8AB-416A-B7D4-D1217B1E6E0D}"
EndProject
Project("{9A19103F-16F7-4668-BE54-9A1E7A4F7556}") = "HospitalDotNetFinal.DAL", "HospitalDotNetFinal.DAL\HospitalDotNetFinal.DAL.csproj", "{66FEB2C6-A4F4-4DA1-B44A-0C2F36CB9829}"
EndProject
Project("{FAE04EC0-301F-11D3-BF4B-00C04F79EFBC}") = "HospitalDotNetFinal.BLL", "HospitalDotNetFinal.BLL\HospitalDotNetFinal.BLL.csproj", "{0D840E52-34CB-454A-9631-C9A716587EA1}"
EndProject
Global
	GlobalSection(SolutionConfigurationPlatforms) = preSolution
		Debug|Any CPU = Debug|Any CPU
		Release|Any CPU = Release|Any CPU
	EndGlobalSection
	GlobalSection(ProjectConfigurationPlatforms) = postSolution
		{1E889197-F8AB-416A-B7D4-D1217B1E6E0D}.Debug|Any CPU.ActiveCfg = Debug|Any CPU
		{1E889197-F8AB-416A-B7D4-D1217B1E6E0D}.Debug|Any CPU.Build.0 = Debug|Any CPU
		{1E889197-F8AB-416A-B7D4-D1217B1E6E0D}.Release|Any CPU.ActiveCfg = Release|Any CPU
		{1E889197-F8AB-416A-B7D4-D1217B1E6E0D}.Release|Any CPU.Build.0 = Release|Any CPU
		{66FEB2C6-A4F4-4DA1-B44A-0C2F36CB9829}.Debug|Any CPU.ActiveCfg = Debug|Any CPU
		{66FEB2C6-A4F4-4DA1-B44A-0C2F36CB9829}.Debug|Any CPU.Build.0 = Debug|Any CPU
		{66FEB2C6-A4F4-4DA1-B44A-0C2F36CB9829}.Release|Any CPU.ActiveCfg = Release|Any CPU
		{66FEB2C6-A4F4-4DA1-B44A-0C2F36CB9829}.Release|Any CPU.Build.0 = Release|Any CPU
		{0D840E52-34CB-454A-9631-C9A716587EA1}.Debug|Any CPU.ActiveCfg = Debug|Any CPU
		{0D840E52-34CB-454A-9631-C9A716587EA1}.Debug|Any CPU.Build.0 = Debug|Any CPU
		{0D840E52-34CB-454A-9631-C9A716587EA1}.Release|Any CPU.ActiveCfg = Release|Any CPU
		{0D840E52-34CB-454A-9631-C9A716587EA1}.Release|Any CPU.Build.0 = Release|Any CPU
	EndGlobalSection
	GlobalSection(SolutionProperties) = preSolution
		HideSolutionNode = FALSE
	EndGlobalSection
	GlobalSection(ExtensibilityGlobals) = postSolution
		SolutionGuid = {DE3C3C02-5BAF-405E-A527-9B5875B8D229}
	EndGlobalSection
EndGlobal
